
Microsoft Visual Studio Solution File, Format Version 12.00
# Visual Studio Version 17
VisualStudioVersion = 17.2.32630.192
MinimumVisualStudioVersion = 10.0.40219.1
Project("{FAE04EC0-301F-11D3-BF4B-00C04F79EFBC}") = "Bakery.MinimalAPI.Backend", "Bakery.MinimalAPI.Backend.csproj", "{3D1C49E8-2861-48FE-94EA-7ACD9F27F3AD}"
EndProject
Global
	GlobalSection(SolutionConfigurationPlatforms) = preSolution
		Debug|Any CPU = Debug|Any CPU
		Release|Any CPU = Release|Any CPU
	EndGlobalSection
	GlobalSection(ProjectConfigurationPlatforms) = postSolution
		{3D1C49E8-2861-48FE-94EA-7ACD9F27F3AD}.Debug|Any CPU.ActiveCfg = Debug|Any CPU
		{3D1C49E8-2861-48FE-94EA-7ACD9F27F3AD}.Debug|Any CPU.Build.0 = Debug|Any CPU
		{3D1C49E8-2861-48FE-94EA-7ACD9F27F3AD}.Release|Any CPU.ActiveCfg = Release|Any CPU
		{3D1C49E8-2861-48FE-94EA-7ACD9F27F3AD}.Release|Any CPU.Build.0 = Release|Any CPU
	EndGlobalSection
	GlobalSection(SolutionProperties) = preSolution
		HideSolutionNode = FALSE
	EndGlobalSection
	GlobalSection(ExtensibilityGlobals) = postSolution
		SolutionGuid = {DF324300-BF6A-4107-87DD-5F71418982F5}
	EndGlobalSection
EndGlobal
